
Microsoft Visual Studio Solution File, Format Version 12.00
# Visual Studio 15
VisualStudioVersion = 15.0.27703.2035
MinimumVisualStudioVersion = 10.0.40219.1
Project("{FAE04EC0-301F-11D3-BF4B-00C04F79EFBC}") = "EMailWarnConsole", "EMailWarnConsole.csproj", "{9C4FE5BF-9A1A-4881-B23E-07CAED03C7CB}"
EndProject
Global
	GlobalSection(SolutionConfigurationPlatforms) = preSolution
		Debug|Any CPU = Debug|Any CPU
		Release|Any CPU = Release|Any CPU
	EndGlobalSection
	GlobalSection(ProjectConfigurationPlatforms) = postSolution
		{9C4FE5BF-9A1A-4881-B23E-07CAED03C7CB}.Debug|Any CPU.ActiveCfg = Debug|Any CPU
		{9C4FE5BF-9A1A-4881-B23E-07CAED03C7CB}.Debug|Any CPU.Build.0 = Debug|Any CPU
		{9C4FE5BF-9A1A-4881-B23E-07CAED03C7CB}.Release|Any CPU.ActiveCfg = Release|Any CPU
		{9C4FE5BF-9A1A-4881-B23E-07CAED03C7CB}.Release|Any CPU.Build.0 = Release|Any CPU
	EndGlobalSection
	GlobalSection(SolutionProperties) = preSolution
		HideSolutionNode = FALSE
	EndGlobalSection
	GlobalSection(ExtensibilityGlobals) = postSolution
		SolutionGuid = {D1971D11-994C-4565-AE4D-9E1851E9F839}
	EndGlobalSection
EndGlobal
